
Microsoft Visual Studio Solution File, Format Version 12.00
# Visual Studio Version 16
VisualStudioVersion = 16.0.30717.126
MinimumVisualStudioVersion = 10.0.40219.1
Project("{FAE04EC0-301F-11D3-BF4B-00C04F79EFBC}") = "WhatIfF1", "WhatIfF1.csproj", "{714851A5-1F94-46BF-A0B4-BF6DE7D4B7A8}"
EndProject
Global
	GlobalSection(SolutionConfigurationPlatforms) = preSolution
		Debug|Any CPU = Debug|Any CPU
		Release|Any CPU = Release|Any CPU
	EndGlobalSection
	GlobalSection(ProjectConfigurationPlatforms) = postSolution
		{714851A5-1F94-46BF-A0B4-BF6DE7D4B7A8}.Debug|Any CPU.ActiveCfg = Debug|Any CPU
		{714851A5-1F94-46BF-A0B4-BF6DE7D4B7A8}.Debug|Any CPU.Build.0 = Debug|Any CPU
		{714851A5-1F94-46BF-A0B4-BF6DE7D4B7A8}.Release|Any CPU.ActiveCfg = Release|Any CPU
		{714851A5-1F94-46BF-A0B4-BF6DE7D4B7A8}.Release|Any CPU.Build.0 = Release|Any CPU
	EndGlobalSection
	GlobalSection(SolutionProperties) = preSolution
		HideSolutionNode = FALSE
	EndGlobalSection
	GlobalSection(ExtensibilityGlobals) = postSolution
		SolutionGuid = {BA25D180-553F-494E-9C91-708FAE070C55}
	EndGlobalSection
EndGlobal
